
Microsoft Visual Studio Solution File, Format Version 12.00
Project("{FAE04EC0-301F-11D3-BF4B-00C04F79EFBC}") = "VoiceAssistant.Domain", "VoiceAssistant.Domain\VoiceAssistant.Domain.csproj", "{A926159D-2DFC-4347-B729-C4486DD9AD08}"
EndProject
Project("{FAE04EC0-301F-11D3-BF4B-00C04F79EFBC}") = "VoiceAssistant.Application", "VoiceAssistant.Application\VoiceAssistant.Application.csproj", "{0CF407B6-F252-4383-9EE1-18F9617B5439}"
EndProject
Project("{FAE04EC0-301F-11D3-BF4B-00C04F79EFBC}") = "VoiceAssistant.Infrastructure", "VoiceAssistant.Infrastructure\VoiceAssistant.Infrastructure.csproj", "{08D08E20-26AF-4257-8D02-EC63C9616248}"
EndProject
Project("{FAE04EC0-301F-11D3-BF4B-00C04F79EFBC}") = "VoiceAssistant.Tests", "VoiceAssistant.Tests\VoiceAssistant.Tests.csproj", "{A9969EE3-8036-4D1A-A15C-E7C0E41F1D1D}"
EndProject
Project("{FAE04EC0-301F-11D3-BF4B-00C04F79EFBC}") = "VoiceAssistant.UI", "VoiceAssistant.UI\VoiceAssistant.UI.csproj", "{926B400C-55EE-4896-8EDF-8FA58F904CCC}"
EndProject
Global
	GlobalSection(SolutionConfigurationPlatforms) = preSolution
		Debug|Any CPU = Debug|Any CPU
		Debug|x64 = Debug|x64
		Debug|x86 = Debug|x86
		Release|Any CPU = Release|Any CPU
		Release|x64 = Release|x64
		Release|x86 = Release|x86
	EndGlobalSection
	GlobalSection(ProjectConfigurationPlatforms) = postSolution
		{A926159D-2DFC-4347-B729-C4486DD9AD08}.Debug|Any CPU.ActiveCfg = Debug|Any CPU
		{A926159D-2DFC-4347-B729-C4486DD9AD08}.Debug|Any CPU.Build.0 = Debug|Any CPU
		{A926159D-2DFC-4347-B729-C4486DD9AD08}.Debug|x64.ActiveCfg = Debug|Any CPU
		{A926159D-2DFC-4347-B729-C4486DD9AD08}.Debug|x64.Build.0 = Debug|Any CPU
		{A926159D-2DFC-4347-B729-C4486DD9AD08}.Debug|x86.ActiveCfg = Debug|Any CPU
		{A926159D-2DFC-4347-B729-C4486DD9AD08}.Debug|x86.Build.0 = Debug|Any CPU
		{A926159D-2DFC-4347-B729-C4486DD9AD08}.Release|Any CPU.ActiveCfg = Release|Any CPU
		{A926159D-2DFC-4347-B729-C4486DD9AD08}.Release|Any CPU.Build.0 = Release|Any CPU
		{A926159D-2DFC-4347-B729-C4486DD9AD08}.Release|x64.ActiveCfg = Release|Any CPU
		{A926159D-2DFC-4347-B729-C4486DD9AD08}.Release|x64.Build.0 = Release|Any CPU
		{A926159D-2DFC-4347-B729-C4486DD9AD08}.Release|x86.ActiveCfg = Release|Any CPU
		{A926159D-2DFC-4347-B729-C4486DD9AD08}.Release|x86.Build.0 = Release|Any CPU
		{0CF407B6-F252-4383-9EE1-18F9617B5439}.Debug|Any CPU.ActiveCfg = Debug|Any CPU
		{0CF407B6-F252-4383-9EE1-18F9617B5439}.Debug|Any CPU.Build.0 = Debug|Any CPU
		{0CF407B6-F252-4383-9EE1-18F9617B5439}.Debug|x64.ActiveCfg = Debug|Any CPU
		{0CF407B6-F252-4383-9EE1-18F9617B5439}.Debug|x64.Build.0 = Debug|Any CPU
		{0CF407B6-F252-4383-9EE1-18F9617B5439}.Debug|x86.ActiveCfg = Debug|Any CPU
		{0CF407B6-F252-4383-9EE1-18F9617B5439}.Debug|x86.Build.0 = Debug|Any CPU
		{0CF407B6-F252-4383-9EE1-18F9617B5439}.Release|Any CPU.ActiveCfg = Release|Any CPU
		{0CF407B6-F252-4383-9EE1-18F9617B5439}.Release|Any CPU.Build.0 = Release|Any CPU
		{0CF407B6-F252-4383-9EE1-18F9617B5439}.Release|x64.ActiveCfg = Release|Any CPU
		{0CF407B6-F252-4383-9EE1-18F9617B5439}.Release|x64.Build.0 = Release|Any CPU
		{0CF407B6-F252-4383-9EE1-18F9617B5439}.Release|x86.ActiveCfg = Release|Any CPU
		{0CF407B6-F252-4383-9EE1-18F9617B5439}.Release|x86.Build.0 = Release|Any CPU
		{08D08E20-26AF-4257-8D02-EC63C9616248}.Debug|Any CPU.ActiveCfg = Debug|Any CPU
		{08D08E20-26AF-4257-8D02-EC63C9616248}.Debug|Any CPU.Build.0 = Debug|Any CPU
		{08D08E20-26AF-4257-8D02-EC63C9616248}.Debug|x64.ActiveCfg = Debug|Any CPU
		{08D08E20-26AF-4257-8D02-EC63C9616248}.Debug|x64.Build.0 = Debug|Any CPU
		{08D08E20-26AF-4257-8D02-EC63C9616248}.Debug|x86.ActiveCfg = Debug|Any CPU
		{08D08E20-26AF-4257-8D02-EC63C9616248}.Debug|x86.Build.0 = Debug|Any CPU
		{08D08E20-26AF-4257-8D02-EC63C9616248}.Release|Any CPU.ActiveCfg = Release|Any CPU
		{08D08E20-26AF-4257-8D02-EC63C9616248}.Release|Any CPU.Build.0 = Release|Any CPU
		{08D08E20-26AF-4257-8D02-EC63C9616248}.Release|x64.ActiveCfg = Release|Any CPU
		{08D08E20-26AF-4257-8D02-EC63C9616248}.Release|x64.Build.0 = Release|Any CPU
		{08D08E20-26AF-4257-8D02-EC63C9616248}.Release|x86.ActiveCfg = Release|Any CPU
		{08D08E20-26AF-4257-8D02-EC63C9616248}.Release|x86.Build.0 = Release|Any CPU
		{A9969EE3-8036-4D1A-A15C-E7C0E41F1D1D}.Debug|Any CPU.ActiveCfg = Debug|Any CPU
		{A9969EE3-8036-4D1A-A15C-E7C0E41F1D1D}.Debug|Any CPU.Build.0 = Debug|Any CPU
		{A9969EE3-8036-4D1A-A15C-E7C0E41F1D1D}.Debug|x64.ActiveCfg = Debug|Any CPU
		{A9969EE3-8036-4D1A-A15C-E7C0E41F1D1D}.Debug|x64.Build.0 = Debug|Any CPU
		{A9969EE3-8036-4D1A-A15C-E7C0E41F1D1D}.Debug|x86.ActiveCfg = Debug|Any CPU
		{A9969EE3-8036-4D1A-A15C-E7C0E41F1D1D}.Debug|x86.Build.0 = Debug|Any CPU
		{A9969EE3-8036-4D1A-A15C-E7C0E41F1D1D}.Release|Any CPU.ActiveCfg = Release|Any CPU
		{A9969EE3-8036-4D1A-A15C-E7C0E41F1D1D}.Release|Any CPU.Build.0 = Release|Any CPU
		{A9969EE3-8036-4D1A-A15C-E7C0E41F1D1D}.Release|x64.ActiveCfg = Release|Any CPU
		{A9969EE3-8036-4D1A-A15C-E7C0E41F1D1D}.Release|x64.Build.0 = Release|Any CPU
		{A9969EE3-8036-4D1A-A15C-E7C0E41F1D1D}.Release|x86.ActiveCfg = Release|Any CPU
		{A9969EE3-8036-4D1A-A15C-E7C0E41F1D1D}.Release|x86.Build.0 = Release|Any CPU
		{926B400C-55EE-4896-8EDF-8FA58F904CCC}.Debug|Any CPU.ActiveCfg = Debug|Any CPU
		{926B400C-55EE-4896-8EDF-8FA58F904CCC}.Debug|Any CPU.Build.0 = Debug|Any CPU
		{926B400C-55EE-4896-8EDF-8FA58F904CCC}.Debug|x64.ActiveCfg = Debug|Any CPU
		{926B400C-55EE-4896-8EDF-8FA58F904CCC}.Debug|x64.Build.0 = Debug|Any CPU
		{926B400C-55EE-4896-8EDF-8FA58F904CCC}.Debug|x86.ActiveCfg = Debug|Any CPU
		{926B400C-55EE-4896-8EDF-8FA58F904CCC}.Debug|x86.Build.0 = Debug|Any CPU
		{926B400C-55EE-4896-8EDF-8FA58F904CCC}.Release|Any CPU.ActiveCfg = Release|Any CPU
		{926B400C-55EE-4896-8EDF-8FA58F904CCC}.Release|Any CPU.Build.0 = Release|Any CPU
		{926B400C-55EE-4896-8EDF-8FA58F904CCC}.Release|x64.ActiveCfg = Release|Any CPU
		{926B400C-55EE-4896-8EDF-8FA58F904CCC}.Release|x64.Build.0 = Release|Any CPU
		{926B400C-55EE-4896-8EDF-8FA58F904CCC}.Release|x86.ActiveCfg = Release|Any CPU
		{926B400C-55EE-4896-8EDF-8FA58F904CCC}.Release|x86.Build.0 = Release|Any CPU
	EndGlobalSection
	GlobalSection(SolutionProperties) = preSolution
		HideSolutionNode = FALSE
	EndGlobalSection
EndGlobal
